
Microsoft Visual Studio Solution File, Format Version 12.00
# Visual Studio Version 17
VisualStudioVersion = 17.0.31903.59
MinimumVisualStudioVersion = 10.0.40219.1
Project("{9A19103F-16F7-4668-BE54-9A1E7A4F7556}") = "Finsight", "Finsight.csproj", "{6788E6DD-05EB-4471-9FE3-7DB61F62CFC2}"
EndProject
Project("{911E67C6-3D85-4FCE-B560-20A9C3E3FF48}") = "jellyfin", "..\..\..\..\Program Files\Jellyfin\Server\jellyfin.exe", "{9010819D-EE47-42EC-B933-F0D6E7C523CF}"
	ProjectSection(DebuggerProjectSystem) = preProject
		PortSupplier = 00000000-0000-0000-0000-000000000000
		Executable = C:\Program Files\Jellyfin\Server\jellyfin.exe
		RemoteMachine = DESKTOP-09UH18B
		StartingDirectory = C:\Program Files\Jellyfin\Server
		Environment = Default
		LaunchingEngine = 00000000-0000-0000-0000-000000000000
		UseLegacyDebugEngines = No
		LaunchSQLEngine = No
		AttachLaunchAction = No
		IORedirection = Auto
	EndProjectSection
EndProject
Global
	GlobalSection(SolutionConfigurationPlatforms) = preSolution
		Debug|Any CPU = Debug|Any CPU
		Debug|x64 = Debug|x64
		Debug|x86 = Debug|x86
		Release|Any CPU = Release|Any CPU
		Release|x64 = Release|x64
		Release|x86 = Release|x86
	EndGlobalSection
	GlobalSection(ProjectConfigurationPlatforms) = postSolution
		{6788E6DD-05EB-4471-9FE3-7DB61F62CFC2}.Debug|Any CPU.ActiveCfg = Debug|Any CPU
		{6788E6DD-05EB-4471-9FE3-7DB61F62CFC2}.Debug|Any CPU.Build.0 = Debug|Any CPU
		{6788E6DD-05EB-4471-9FE3-7DB61F62CFC2}.Debug|x64.ActiveCfg = Debug|Any CPU
		{6788E6DD-05EB-4471-9FE3-7DB61F62CFC2}.Debug|x64.Build.0 = Debug|Any CPU
		{6788E6DD-05EB-4471-9FE3-7DB61F62CFC2}.Debug|x86.ActiveCfg = Debug|Any CPU
		{6788E6DD-05EB-4471-9FE3-7DB61F62CFC2}.Debug|x86.Build.0 = Debug|Any CPU
		{6788E6DD-05EB-4471-9FE3-7DB61F62CFC2}.Release|Any CPU.ActiveCfg = Release|Any CPU
		{6788E6DD-05EB-4471-9FE3-7DB61F62CFC2}.Release|Any CPU.Build.0 = Release|Any CPU
		{6788E6DD-05EB-4471-9FE3-7DB61F62CFC2}.Release|x64.ActiveCfg = Release|Any CPU
		{6788E6DD-05EB-4471-9FE3-7DB61F62CFC2}.Release|x64.Build.0 = Release|Any CPU
		{6788E6DD-05EB-4471-9FE3-7DB61F62CFC2}.Release|x86.ActiveCfg = Release|Any CPU
		{6788E6DD-05EB-4471-9FE3-7DB61F62CFC2}.Release|x86.Build.0 = Release|Any CPU
		{9010819D-EE47-42EC-B933-F0D6E7C523CF}.Debug|Any CPU.ActiveCfg = Release|x64
		{9010819D-EE47-42EC-B933-F0D6E7C523CF}.Debug|x64.ActiveCfg = Release|x64
		{9010819D-EE47-42EC-B933-F0D6E7C523CF}.Debug|x86.ActiveCfg = Release|x64
		{9010819D-EE47-42EC-B933-F0D6E7C523CF}.Release|Any CPU.ActiveCfg = Release|x64
		{9010819D-EE47-42EC-B933-F0D6E7C523CF}.Release|x64.ActiveCfg = Release|x64
		{9010819D-EE47-42EC-B933-F0D6E7C523CF}.Release|x86.ActiveCfg = Release|x64
	EndGlobalSection
	GlobalSection(SolutionProperties) = preSolution
		HideSolutionNode = FALSE
	EndGlobalSection
	GlobalSection(ExtensibilityGlobals) = postSolution
		SolutionGuid = {9323495D-E32B-468C-BC6F-D6AAFD3E0ECF}
	EndGlobalSection
EndGlobal
